// !$*UTF8*$!
{
	archiveVersion = 1;
	classes = {
	};
	objectVersion = 46;
	objects = {

/* Begin PBXBuildFile section */
		420E59001B5DB25200F81A48 /* main.m in Sources */ = {isa = PBXBuildFile; fileRef = 420E58FF1B5DB25200F81A48 /* main.m */; };
		420E59031B5DB25300F81A48 /* AppDelegate.m in Sources */ = {isa = PBXBuildFile; fileRef = 420E59021B5DB25300F81A48 /* AppDelegate.m */; };
		420E59061B5DB25300F81A48 /* ContatosIP67.xcdatamodeld in Sources */ = {isa = PBXBuildFile; fileRef = 420E59041B5DB25300F81A48 /* ContatosIP67.xcdatamodeld */; };
		420E59091B5DB25300F81A48 /* FormularioContatoViewController.m in Sources */ = {isa = PBXBuildFile; fileRef = 420E59081B5DB25300F81A48 /* FormularioContatoViewController.m */; };
		420E590C1B5DB25300F81A48 /* Main.storyboard in Resources */ = {isa = PBXBuildFile; fileRef = 420E590A1B5DB25300F81A48 /* Main.storyboard */; };
		420E590E1B5DB25300F81A48 /* Images.xcassets in Resources */ = {isa = PBXBuildFile; fileRef = 420E590D1B5DB25300F81A48 /* Images.xcassets */; };
		420E59111B5DB25300F81A48 /* LaunchScreen.xib in Resources */ = {isa = PBXBuildFile; fileRef = 420E590F1B5DB25300F81A48 /* LaunchScreen.xib */; };
		420E591D1B5DB25300F81A48 /* ContatosIP67Tests.m in Sources */ = {isa = PBXBuildFile; fileRef = 420E591C1B5DB25300F81A48 /* ContatosIP67Tests.m */; };
		420E59281B5DDA4C00F81A48 /* Contato.m in Sources */ = {isa = PBXBuildFile; fileRef = 420E59271B5DDA4C00F81A48 /* Contato.m */; };
		423C74C21B5F17DA00D6E155 /* ContatoDAO.m in Sources */ = {isa = PBXBuildFile; fileRef = 423C74C11B5F17DA00D6E155 /* ContatoDAO.m */; };
		423C74C51B5F297100D6E155 /* ListaContatosViewController.m in Sources */ = {isa = PBXBuildFile; fileRef = 423C74C41B5F297100D6E155 /* ListaContatosViewController.m */; };
		42C220E51B66EFCD00558AF7 /* GerenciadorDeAcoes.m in Sources */ = {isa = PBXBuildFile; fileRef = 42C220E41B66EFCD00558AF7 /* GerenciadorDeAcoes.m */; };
		42C220E71B670ED100558AF7 /* MessageUI.framework in Frameworks */ = {isa = PBXBuildFile; fileRef = 42C220E61B670ED100558AF7 /* MessageUI.framework */; };
		557CA8771B60A3BF00AF4F91 /* APIConsumer.m in Sources */ = {isa = PBXBuildFile; fileRef = 557CA8761B60A3BF00AF4F91 /* APIConsumer.m */; };
		557CA87A1B60A81100AF4F91 /* CategoryCommunicatorDelegate.m in Sources */ = {isa = PBXBuildFile; fileRef = 557CA8791B60A81100AF4F91 /* CategoryCommunicatorDelegate.m */; };
		557CA87D1B60A88000AF4F91 /* CategoryCommunicator.m in Sources */ = {isa = PBXBuildFile; fileRef = 557CA87C1B60A88000AF4F91 /* CategoryCommunicator.m */; };
/* End PBXBuildFile section */

/* Begin PBXContainerItemProxy section */
		420E59171B5DB25300F81A48 /* PBXContainerItemProxy */ = {
			isa = PBXContainerItemProxy;
			containerPortal = 420E58F21B5DB25200F81A48 /* Project object */;
			proxyType = 1;
			remoteGlobalIDString = 420E58F91B5DB25200F81A48;
			remoteInfo = ContatosIP67;
		};
/* End PBXContainerItemProxy section */

/* Begin PBXFileReference section */
		420E58FA1B5DB25200F81A48 /* ContatosIP67.app */ = {isa = PBXFileReference; explicitFileType = wrapper.application; includeInIndex = 0; path = ContatosIP67.app; sourceTree = BUILT_PRODUCTS_DIR; };
		420E58FE1B5DB25200F81A48 /* Info.plist */ = {isa = PBXFileReference; lastKnownFileType = text.plist.xml; path = Info.plist; sourceTree = "<group>"; };
		420E58FF1B5DB25200F81A48 /* main.m */ = {isa = PBXFileReference; lastKnownFileType = sourcecode.c.objc; path = main.m; sourceTree = "<group>"; };
		420E59011B5DB25200F81A48 /* AppDelegate.h */ = {isa = PBXFileReference; lastKnownFileType = sourcecode.c.h; path = AppDelegate.h; sourceTree = "<group>"; };
		420E59021B5DB25300F81A48 /* AppDelegate.m */ = {isa = PBXFileReference; lastKnownFileType = sourcecode.c.objc; path = AppDelegate.m; sourceTree = "<group>"; };
		420E59051B5DB25300F81A48 /* ContatosIP67.xcdatamodel */ = {isa = PBXFileReference; lastKnownFileType = wrapper.xcdatamodel; path = ContatosIP67.xcdatamodel; sourceTree = "<group>"; };
		420E59071B5DB25300F81A48 /* FormularioContatoViewController.h */ = {isa = PBXFileReference; lastKnownFileType = sourcecode.c.h; path = FormularioContatoViewController.h; sourceTree = "<group>"; };
		420E59081B5DB25300F81A48 /* FormularioContatoViewController.m */ = {isa = PBXFileReference; lastKnownFileType = sourcecode.c.objc; path = FormularioContatoViewController.m; sourceTree = "<group>"; };
		420E590B1B5DB25300F81A48 /* Base */ = {isa = PBXFileReference; lastKnownFileType = file.storyboard; name = Base; path = Base.lproj/Main.storyboard; sourceTree = "<group>"; };
		420E590D1B5DB25300F81A48 /* Images.xcassets */ = {isa = PBXFileReference; lastKnownFileType = folder.assetcatalog; path = Images.xcassets; sourceTree = "<group>"; };
		420E59101B5DB25300F81A48 /* Base */ = {isa = PBXFileReference; lastKnownFileType = file.xib; name = Base; path = Base.lproj/LaunchScreen.xib; sourceTree = "<group>"; };
		420E59161B5DB25300F81A48 /* ContatosIP67Tests.xctest */ = {isa = PBXFileReference; explicitFileType = wrapper.cfbundle; includeInIndex = 0; path = ContatosIP67Tests.xctest; sourceTree = BUILT_PRODUCTS_DIR; };
		420E591B1B5DB25300F81A48 /* Info.plist */ = {isa = PBXFileReference; lastKnownFileType = text.plist.xml; path = Info.plist; sourceTree = "<group>"; };
		420E591C1B5DB25300F81A48 /* ContatosIP67Tests.m */ = {isa = PBXFileReference; lastKnownFileType = sourcecode.c.objc; path = ContatosIP67Tests.m; sourceTree = "<group>"; };
		420E59261B5DDA4C00F81A48 /* Contato.h */ = {isa = PBXFileReference; fileEncoding = 4; lastKnownFileType = sourcecode.c.h; path = Contato.h; sourceTree = "<group>"; };
		420E59271B5DDA4C00F81A48 /* Contato.m */ = {isa = PBXFileReference; fileEncoding = 4; lastKnownFileType = sourcecode.c.objc; path = Contato.m; sourceTree = "<group>"; };
		423C74C01B5F17DA00D6E155 /* ContatoDAO.h */ = {isa = PBXFileReference; fileEncoding = 4; lastKnownFileType = sourcecode.c.h; path = ContatoDAO.h; sourceTree = "<group>"; };
		423C74C11B5F17DA00D6E155 /* ContatoDAO.m */ = {isa = PBXFileReference; fileEncoding = 4; lastKnownFileType = sourcecode.c.objc; path = ContatoDAO.m; sourceTree = "<group>"; };
		423C74C31B5F297100D6E155 /* ListaContatosViewController.h */ = {isa = PBXFileReference; fileEncoding = 4; lastKnownFileType = sourcecode.c.h; path = ListaContatosViewController.h; sourceTree = "<group>"; };
		423C74C41B5F297100D6E155 /* ListaContatosViewController.m */ = {isa = PBXFileReference; fileEncoding = 4; lastKnownFileType = sourcecode.c.objc; path = ListaContatosViewController.m; sourceTree = "<group>"; };
		42C220E31B66EFCD00558AF7 /* GerenciadorDeAcoes.h */ = {isa = PBXFileReference; fileEncoding = 4; lastKnownFileType = sourcecode.c.h; path = GerenciadorDeAcoes.h; sourceTree = "<group>"; };
		42C220E41B66EFCD00558AF7 /* GerenciadorDeAcoes.m */ = {isa = PBXFileReference; fileEncoding = 4; lastKnownFileType = sourcecode.c.objc; path = GerenciadorDeAcoes.m; sourceTree = "<group>"; };
		42C220E61B670ED100558AF7 /* MessageUI.framework */ = {isa = PBXFileReference; lastKnownFileType = wrapper.framework; name = MessageUI.framework; path = System/Library/Frameworks/MessageUI.framework; sourceTree = SDKROOT; };
		557CA8751B60A3BF00AF4F91 /* APIConsumer.h */ = {isa = PBXFileReference; fileEncoding = 4; lastKnownFileType = sourcecode.c.h; path = APIConsumer.h; sourceTree = "<group>"; };
		557CA8761B60A3BF00AF4F91 /* APIConsumer.m */ = {isa = PBXFileReference; fileEncoding = 4; lastKnownFileType = sourcecode.c.objc; path = APIConsumer.m; sourceTree = "<group>"; };
		557CA8781B60A81100AF4F91 /* CategoryCommunicatorDelegate.h */ = {isa = PBXFileReference; fileEncoding = 4; lastKnownFileType = sourcecode.c.h; path = CategoryCommunicatorDelegate.h; sourceTree = "<group>"; };
		557CA8791B60A81100AF4F91 /* CategoryCommunicatorDelegate.m */ = {isa = PBXFileReference; fileEncoding = 4; lastKnownFileType = sourcecode.c.objc; path = CategoryCommunicatorDelegate.m; sourceTree = "<group>"; };
		557CA87B1B60A88000AF4F91 /* CategoryCommunicator.h */ = {isa = PBXFileReference; fileEncoding = 4; lastKnownFileType = sourcecode.c.h; path = CategoryCommunicator.h; sourceTree = "<group>"; };
		557CA87C1B60A88000AF4F91 /* CategoryCommunicator.m */ = {isa = PBXFileReference; fileEncoding = 4; lastKnownFileType = sourcecode.c.objc; path = CategoryCommunicator.m; sourceTree = "<group>"; };
/* End PBXFileReference section */

/* Begin PBXFrameworksBuildPhase section */
		420E58F71B5DB25200F81A48 /* Frameworks */ = {
			isa = PBXFrameworksBuildPhase;
			buildActionMask = 2147483647;
			files = (
				42C220E71B670ED100558AF7 /* MessageUI.framework in Frameworks */,
			);
			runOnlyForDeploymentPostprocessing = 0;
		};
		420E59131B5DB25300F81A48 /* Frameworks */ = {
			isa = PBXFrameworksBuildPhase;
			buildActionMask = 2147483647;
			files = (
			);
			runOnlyForDeploymentPostprocessing = 0;
		};
/* End PBXFrameworksBuildPhase section */

/* Begin PBXGroup section */
		420E58F11B5DB25200F81A48 = {
			isa = PBXGroup;
			children = (
				42C220E61B670ED100558AF7 /* MessageUI.framework */,
				420E58FC1B5DB25200F81A48 /* ContatosIP67 */,
				420E59191B5DB25300F81A48 /* ContatosIP67Tests */,
				420E58FB1B5DB25200F81A48 /* Products */,
			);
			sourceTree = "<group>";
		};
		420E58FB1B5DB25200F81A48 /* Products */ = {
			isa = PBXGroup;
			children = (
				420E58FA1B5DB25200F81A48 /* ContatosIP67.app */,
				420E59161B5DB25300F81A48 /* ContatosIP67Tests.xctest */,
			);
			name = Products;
			sourceTree = "<group>";
		};
		420E58FC1B5DB25200F81A48 /* ContatosIP67 */ = {
			isa = PBXGroup;
			children = (
				420E59261B5DDA4C00F81A48 /* Contato.h */,
				420E59271B5DDA4C00F81A48 /* Contato.m */,
				423C74C01B5F17DA00D6E155 /* ContatoDAO.h */,
				423C74C11B5F17DA00D6E155 /* ContatoDAO.m */,
				557CA8751B60A3BF00AF4F91 /* APIConsumer.h */,
				557CA8761B60A3BF00AF4F91 /* APIConsumer.m */,
				557CA8781B60A81100AF4F91 /* CategoryCommunicatorDelegate.h */,
				557CA8791B60A81100AF4F91 /* CategoryCommunicatorDelegate.m */,
				557CA87B1B60A88000AF4F91 /* CategoryCommunicator.h */,
				557CA87C1B60A88000AF4F91 /* CategoryCommunicator.m */,
				423C74C31B5F297100D6E155 /* ListaContatosViewController.h */,
				423C74C41B5F297100D6E155 /* ListaContatosViewController.m */,
				42C220E31B66EFCD00558AF7 /* GerenciadorDeAcoes.h */,
				42C220E41B66EFCD00558AF7 /* GerenciadorDeAcoes.m */,
				420E59011B5DB25200F81A48 /* AppDelegate.h */,
				420E59021B5DB25300F81A48 /* AppDelegate.m */,
				420E59071B5DB25300F81A48 /* FormularioContatoViewController.h */,
				420E59081B5DB25300F81A48 /* FormularioContatoViewController.m */,
				420E590A1B5DB25300F81A48 /* Main.storyboard */,
				420E590D1B5DB25300F81A48 /* Images.xcassets */,
				420E590F1B5DB25300F81A48 /* LaunchScreen.xib */,
				420E59041B5DB25300F81A48 /* ContatosIP67.xcdatamodeld */,
				420E58FD1B5DB25200F81A48 /* Supporting Files */,
			);
			path = ContatosIP67;
			sourceTree = "<group>";
		};
		420E58FD1B5DB25200F81A48 /* Supporting Files */ = {
			isa = PBXGroup;
			children = (
				420E58FE1B5DB25200F81A48 /* Info.plist */,
				420E58FF1B5DB25200F81A48 /* main.m */,
			);
			name = "Supporting Files";
			sourceTree = "<group>";
		};
		420E59191B5DB25300F81A48 /* ContatosIP67Tests */ = {
			isa = PBXGroup;
			children = (
				420E591C1B5DB25300F81A48 /* ContatosIP67Tests.m */,
				420E591A1B5DB25300F81A48 /* Supporting Files */,
			);
			path = ContatosIP67Tests;
			sourceTree = "<group>";
		};
		420E591A1B5DB25300F81A48 /* Supporting Files */ = {
			isa = PBXGroup;
			children = (
				420E591B1B5DB25300F81A48 /* Info.plist */,
			);
			name = "Supporting Files";
			sourceTree = "<group>";
		};
/* End PBXGroup section */

/* Begin PBXNativeTarget section */
		420E58F91B5DB25200F81A48 /* ContatosIP67 */ = {
			isa = PBXNativeTarget;
			buildConfigurationList = 420E59201B5DB25300F81A48 /* Build configuration list for PBXNativeTarget "ContatosIP67" */;
			buildPhases = (
				420E58F61B5DB25200F81A48 /* Sources */,
				420E58F71B5DB25200F81A48 /* Frameworks */,
				420E58F81B5DB25200F81A48 /* Resources */,
			);
			buildRules = (
			);
			dependencies = (
			);
			name = ContatosIP67;
			productName = ContatosIP67;
			productReference = 420E58FA1B5DB25200F81A48 /* ContatosIP67.app */;
			productType = "com.apple.product-type.application";
		};
		420E59151B5DB25300F81A48 /* ContatosIP67Tests */ = {
			isa = PBXNativeTarget;
			buildConfigurationList = 420E59231B5DB25300F81A48 /* Build configuration list for PBXNativeTarget "ContatosIP67Tests" */;
			buildPhases = (
				420E59121B5DB25300F81A48 /* Sources */,
				420E59131B5DB25300F81A48 /* Frameworks */,
				420E59141B5DB25300F81A48 /* Resources */,
			);
			buildRules = (
			);
			dependencies = (
				420E59181B5DB25300F81A48 /* PBXTargetDependency */,
			);
			name = ContatosIP67Tests;
			productName = ContatosIP67Tests;
			productReference = 420E59161B5DB25300F81A48 /* ContatosIP67Tests.xctest */;
			productType = "com.apple.product-type.bundle.unit-test";
		};
/* End PBXNativeTarget section */

/* Begin PBXProject section */
		420E58F21B5DB25200F81A48 /* Project object */ = {
			isa = PBXProject;
			attributes = {
				LastUpgradeCheck = 0610;
				ORGANIZATIONNAME = Caelum;
				TargetAttributes = {
					420E58F91B5DB25200F81A48 = {
						CreatedOnToolsVersion = 6.1.1;
					};
					420E59151B5DB25300F81A48 = {
						CreatedOnToolsVersion = 6.1.1;
						TestTargetID = 420E58F91B5DB25200F81A48;
					};
				};
			};
			buildConfigurationList = 420E58F51B5DB25200F81A48 /* Build configuration list for PBXProject "ContatosIP67" */;
			compatibilityVersion = "Xcode 3.2";
			developmentRegion = English;
			hasScannedForEncodings = 0;
			knownRegions = (
				en,
				Base,
			);
			mainGroup = 420E58F11B5DB25200F81A48;
			productRefGroup = 420E58FB1B5DB25200F81A48 /* Products */;
			projectDirPath = "";
			projectRoot = "";
			targets = (
				420E58F91B5DB25200F81A48 /* ContatosIP67 */,
				420E59151B5DB25300F81A48 /* ContatosIP67Tests */,
			);
		};
/* End PBXProject section */

/* Begin PBXResourcesBuildPhase section */
		420E58F81B5DB25200F81A48 /* Resources */ = {
			isa = PBXResourcesBuildPhase;
			buildActionMask = 2147483647;
			files = (
				420E590C1B5DB25300F81A48 /* Main.storyboard in Resources */,
				420E59111B5DB25300F81A48 /* LaunchScreen.xib in Resources */,
				420E590E1B5DB25300F81A48 /* Images.xcassets in Resources */,
			);
			runOnlyForDeploymentPostprocessing = 0;
		};
		420E59141B5DB25300F81A48 /* Resources */ = {
			isa = PBXResourcesBuildPhase;
			buildActionMask = 2147483647;
			files = (
			);
			runOnlyForDeploymentPostprocessing = 0;
		};
/* End PBXResourcesBuildPhase section */

/* Begin PBXSourcesBuildPhase section */
		420E58F61B5DB25200F81A48 /* Sources */ = {
			isa = PBXSourcesBuildPhase;
			buildActionMask = 2147483647;
			files = (
				420E59281B5DDA4C00F81A48 /* Contato.m in Sources */,
				557CA87A1B60A81100AF4F91 /* CategoryCommunicatorDelegate.m in Sources */,
				420E59031B5DB25300F81A48 /* AppDelegate.m in Sources */,
				423C74C51B5F297100D6E155 /* ListaContatosViewController.m in Sources */,
				420E59061B5DB25300F81A48 /* ContatosIP67.xcdatamodeld in Sources */,
				423C74C21B5F17DA00D6E155 /* ContatoDAO.m in Sources */,
				557CA87D1B60A88000AF4F91 /* CategoryCommunicator.m in Sources */,
				420E59091B5DB25300F81A48 /* FormularioContatoViewController.m in Sources */,
				557CA8771B60A3BF00AF4F91 /* APIConsumer.m in Sources */,
				420E59001B5DB25200F81A48 /* main.m in Sources */,
				42C220E51B66EFCD00558AF7 /* GerenciadorDeAcoes.m in Sources */,
			);
			runOnlyForDeploymentPostprocessing = 0;
		};
		420E59121B5DB25300F81A48 /* Sources */ = {
			isa = PBXSourcesBuildPhase;
			buildActionMask = 2147483647;
			files = (
				420E591D1B5DB25300F81A48 /* ContatosIP67Tests.m in Sources */,
			);
			runOnlyForDeploymentPostprocessing = 0;
		};
/* End PBXSourcesBuildPhase section */

/* Begin PBXTargetDependency section */
		420E59181B5DB25300F81A48 /* PBXTargetDependency */ = {
			isa = PBXTargetDependency;
			target = 420E58F91B5DB25200F81A48 /* ContatosIP67 */;
			targetProxy = 420E59171B5DB25300F81A48 /* PBXContainerItemProxy */;
		};
/* End PBXTargetDependency section */

/* Begin PBXVariantGroup section */
		420E590A1B5DB25300F81A48 /* Main.storyboard */ = {
			isa = PBXVariantGroup;
			children = (
				420E590B1B5DB25300F81A48 /* Base */,
			);
			name = Main.storyboard;
			sourceTree = "<group>";
		};
		420E590F1B5DB25300F81A48 /* LaunchScreen.xib */ = {
			isa = PBXVariantGroup;
			children = (
				420E59101B5DB25300F81A48 /* Base */,
			);
			name = LaunchScreen.xib;
			sourceTree = "<group>";
		};
/* End PBXVariantGroup section */

/* Begin XCBuildConfiguration section */
		420E591E1B5DB25300F81A48 /* Debug */ = {
			isa = XCBuildConfiguration;
			buildSettings = {
				ALWAYS_SEARCH_USER_PATHS = NO;
				CLANG_CXX_LANGUAGE_STANDARD = "gnu++0x";
				CLANG_CXX_LIBRARY = "libc++";
				CLANG_ENABLE_MODULES = YES;
				CLANG_ENABLE_OBJC_ARC = YES;
				CLANG_WARN_BOOL_CONVERSION = YES;
				CLANG_WARN_CONSTANT_CONVERSION = YES;
				CLANG_WARN_DIRECT_OBJC_ISA_USAGE = YES_ERROR;
				CLANG_WARN_EMPTY_BODY = YES;
				CLANG_WARN_ENUM_CONVERSION = YES;
				CLANG_WARN_INT_CONVERSION = YES;
				CLANG_WARN_OBJC_ROOT_CLASS = YES_ERROR;
				CLANG_WARN_UNREACHABLE_CODE = YES;
				CLANG_WARN__DUPLICATE_METHOD_MATCH = YES;
				"CODE_SIGN_IDENTITY[sdk=iphoneos*]" = "iPhone Developer";
				COPY_PHASE_STRIP = NO;
				ENABLE_STRICT_OBJC_MSGSEND = YES;
				GCC_C_LANGUAGE_STANDARD = gnu99;
				GCC_DYNAMIC_NO_PIC = NO;
				GCC_OPTIMIZATION_LEVEL = 0;
				GCC_PREPROCESSOR_DEFINITIONS = (
					"DEBUG=1",
					"$(inherited)",
				);
				GCC_SYMBOLS_PRIVATE_EXTERN = NO;
				GCC_WARN_64_TO_32_BIT_CONVERSION = YES;
				GCC_WARN_ABOUT_RETURN_TYPE = YES_ERROR;
				GCC_WARN_UNDECLARED_SELECTOR = YES;
				GCC_WARN_UNINITIALIZED_AUTOS = YES_AGGRESSIVE;
				GCC_WARN_UNUSED_FUNCTION = YES;
				GCC_WARN_UNUSED_VARIABLE = YES;
				IPHONEOS_DEPLOYMENT_TARGET = 8.1;
				MTL_ENABLE_DEBUG_INFO = YES;
				ONLY_ACTIVE_ARCH = YES;
				SDKROOT = iphoneos;
			};
			name = Debug;
		};
		420E591F1B5DB25300F81A48 /* Release */ = {
			isa = XCBuildConfiguration;
			buildSettings = {
				ALWAYS_SEARCH_USER_PATHS = NO;
				CLANG_CXX_LANGUAGE_STANDARD = "gnu++0x";
				CLANG_CXX_LIBRARY = "libc++";
				CLANG_ENABLE_MODULES = YES;
				CLANG_ENABLE_OBJC_ARC = YES;
				CLANG_WARN_BOOL_CONVERSION = YES;
				CLANG_WARN_CONSTANT_CONVERSION = YES;
				CLANG_WARN_DIRECT_OBJC_ISA_USAGE = YES_ERROR;
				CLANG_WARN_EMPTY_BODY = YES;
				CLANG_WARN_ENUM_CONVERSION = YES;
				CLANG_WARN_INT_CONVERSION = YES;
				CLANG_WARN_OBJC_ROOT_CLASS = YES_ERROR;
				CLANG_WARN_UNREACHABLE_CODE = YES;
				CLANG_WARN__DUPLICATE_METHOD_MATCH = YES;
				"CODE_SIGN_IDENTITY[sdk=iphoneos*]" = "iPhone Developer";
				COPY_PHASE_STRIP = YES;
				ENABLE_NS_ASSERTIONS = NO;
				ENABLE_STRICT_OBJC_MSGSEND = YES;
				GCC_C_LANGUAGE_STANDARD = gnu99;
				GCC_WARN_64_TO_32_BIT_CONVERSION = YES;
				GCC_WARN_ABOUT_RETURN_TYPE = YES_ERROR;
				GCC_WARN_UNDECLARED_SELECTOR = YES;
				GCC_WARN_UNINITIALIZED_AUTOS = YES_AGGRESSIVE;
				GCC_WARN_UNUSED_FUNCTION = YES;
				GCC_WARN_UNUSED_VARIABLE = YES;
				IPHONEOS_DEPLOYMENT_TARGET = 8.1;
				MTL_ENABLE_DEBUG_INFO = NO;
				SDKROOT = iphoneos;
				VALIDATE_PRODUCT = YES;
			};
			name = Release;
		};
		420E59211B5DB25300F81A48 /* Debug */ = {
			isa = XCBuildConfiguration;
			buildSettings = {
				ASSETCATALOG_COMPILER_APPICON_NAME = AppIcon;
				INFOPLIST_FILE = ContatosIP67/Info.plist;
				LD_RUNPATH_SEARCH_PATHS = "$(inherited) @executable_path/Frameworks";
				PRODUCT_NAME = "$(TARGET_NAME)";
			};
			name = Debug;
		};
		420E59221B5DB25300F81A48 /* Release */ = {
			isa = XCBuildConfiguration;
			buildSettings = {
				ASSETCATALOG_COMPILER_APPICON_NAME = AppIcon;
				INFOPLIST_FILE = ContatosIP67/Info.plist;
				LD_RUNPATH_SEARCH_PATHS = "$(inherited) @executable_path/Frameworks";
				PRODUCT_NAME = "$(TARGET_NAME)";
			};
			name = Release;
		};
		420E59241B5DB25300F81A48 /* Debug */ = {
			isa = XCBuildConfiguration;
			buildSettings = {
				BUNDLE_LOADER = "$(TEST_HOST)";
				FRAMEWORK_SEARCH_PATHS = (
					"$(SDKROOT)/Developer/Library/Frameworks",
					"$(inherited)",
				);
				GCC_PREPROCESSOR_DEFINITIONS = (
					"DEBUG=1",
					"$(inherited)",
				);
				INFOPLIST_FILE = ContatosIP67Tests/Info.plist;
				LD_RUNPATH_SEARCH_PATHS = "$(inherited) @executable_path/Frameworks @loader_path/Frameworks";
				PRODUCT_NAME = "$(TARGET_NAME)";
				TEST_HOST = "$(BUILT_PRODUCTS_DIR)/ContatosIP67.app/ContatosIP67";
			};
			name = Debug;
		};
		420E59251B5DB25300F81A48 /* Release */ = {
			isa = XCBuildConfiguration;
			buildSettings = {
				BUNDLE_LOADER = "$(TEST_HOST)";
				FRAMEWORK_SEARCH_PATHS = (
					"$(SDKROOT)/Developer/Library/Frameworks",
					"$(inherited)",
				);
				INFOPLIST_FILE = ContatosIP67Tests/Info.plist;
				LD_RUNPATH_SEARCH_PATHS = "$(inherited) @executable_path/Frameworks @loader_path/Frameworks";
				PRODUCT_NAME = "$(TARGET_NAME)";
				TEST_HOST = "$(BUILT_PRODUCTS_DIR)/ContatosIP67.app/ContatosIP67";
			};
			name = Release;
		};
/* End XCBuildConfiguration section */

/* Begin XCConfigurationList section */
		420E58F51B5DB25200F81A48 /* Build configuration list for PBXProject "ContatosIP67" */ = {
			isa = XCConfigurationList;
			buildConfigurations = (
				420E591E1B5DB25300F81A48 /* Debug */,
				420E591F1B5DB25300F81A48 /* Release */,
			);
			defaultConfigurationIsVisible = 0;
			defaultConfigurationName = Release;
		};
		420E59201B5DB25300F81A48 /* Build configuration list for PBXNativeTarget "ContatosIP67" */ = {
			isa = XCConfigurationList;
			buildConfigurations = (
				420E59211B5DB25300F81A48 /* Debug */,
				420E59221B5DB25300F81A48 /* Release */,
			);
			defaultConfigurationIsVisible = 0;
			defaultConfigurationName = Release;
		};
		420E59231B5DB25300F81A48 /* Build configuration list for PBXNativeTarget "ContatosIP67Tests" */ = {
			isa = XCConfigurationList;
			buildConfigurations = (
				420E59241B5DB25300F81A48 /* Debug */,
				420E59251B5DB25300F81A48 /* Release */,
			);
			defaultConfigurationIsVisible = 0;
			defaultConfigurationName = Release;
		};
/* End XCConfigurationList section */

/* Begin XCVersionGroup section */
		420E59041B5DB25300F81A48 /* ContatosIP67.xcdatamodeld */ = {
			isa = XCVersionGroup;
			children = (
				420E59051B5DB25300F81A48 /* ContatosIP67.xcdatamodel */,
			);
			currentVersion = 420E59051B5DB25300F81A48 /* ContatosIP67.xcdatamodel */;
			path = ContatosIP67.xcdatamodeld;
			sourceTree = "<group>";
			versionGroupType = wrapper.xcdatamodel;
		};
/* End XCVersionGroup section */
	};
	rootObject = 420E58F21B5DB25200F81A48 /* Project object */;
}
